
Microsoft Visual Studio Solution File, Format Version 12.00
# Visual Studio 15
VisualStudioVersion = 15.0.27428.2043
MinimumVisualStudioVersion = 10.0.40219.1
Project("{FAE04EC0-301F-11D3-BF4B-00C04F79EFBC}") = "exmane1", "exmane1\exmane1.csproj", "{FB3CAA88-1CF2-47F5-99FA-6496E5075B6C}"
EndProject
Global
	GlobalSection(SolutionConfigurationPlatforms) = preSolution
		Debug|Any CPU = Debug|Any CPU
		Release|Any CPU = Release|Any CPU
	EndGlobalSection
	GlobalSection(ProjectConfigurationPlatforms) = postSolution
		{FB3CAA88-1CF2-47F5-99FA-6496E5075B6C}.Debug|Any CPU.ActiveCfg = Debug|Any CPU
		{FB3CAA88-1CF2-47F5-99FA-6496E5075B6C}.Debug|Any CPU.Build.0 = Debug|Any CPU
		{FB3CAA88-1CF2-47F5-99FA-6496E5075B6C}.Release|Any CPU.ActiveCfg = Release|Any CPU
		{FB3CAA88-1CF2-47F5-99FA-6496E5075B6C}.Release|Any CPU.Build.0 = Release|Any CPU
	EndGlobalSection
	GlobalSection(SolutionProperties) = preSolution
		HideSolutionNode = FALSE
	EndGlobalSection
	GlobalSection(ExtensibilityGlobals) = postSolution
		SolutionGuid = {99659C28-92AC-41EC-8420-78ABB9ACB309}
	EndGlobalSection
EndGlobal
